// !$*UTF8*$!
{
	archiveVersion = 1;
	classes = {
	};
	objectVersion = 46;
	objects = {

/* Begin PBXBuildFile section */
		04707B0C1DAFA01000CDAC18 /* main.m in Sources */ = {isa = PBXBuildFile; fileRef = 04707B0B1DAFA01000CDAC18 /* main.m */; };
		04707B0F1DAFA01000CDAC18 /* AppDelegate.m in Sources */ = {isa = PBXBuildFile; fileRef = 04707B0E1DAFA01000CDAC18 /* AppDelegate.m */; };
		04707B121DAFA01000CDAC18 /* ViewController.m in Sources */ = {isa = PBXBuildFile; fileRef = 04707B111DAFA01000CDAC18 /* ViewController.m */; };
		04707B151DAFA01000CDAC18 /* Main.storyboard in Resources */ = {isa = PBXBuildFile; fileRef = 04707B131DAFA01000CDAC18 /* Main.storyboard */; };
		04707B171DAFA01000CDAC18 /* Assets.xcassets in Resources */ = {isa = PBXBuildFile; fileRef = 04707B161DAFA01000CDAC18 /* Assets.xcassets */; };
		04707B1A1DAFA01000CDAC18 /* LaunchScreen.storyboard in Resources */ = {isa = PBXBuildFile; fileRef = 04707B181DAFA01000CDAC18 /* LaunchScreen.storyboard */; };
		04707B261DAFB9B000CDAC18 /* newfeature1.jpg in Resources */ = {isa = PBXBuildFile; fileRef = 04707B221DAFB9B000CDAC18 /* newfeature1.jpg */; };
		04707B271DAFB9B000CDAC18 /* newfeature2.jpg in Resources */ = {isa = PBXBuildFile; fileRef = 04707B231DAFB9B000CDAC18 /* newfeature2.jpg */; };
		04707B281DAFB9B000CDAC18 /* newfeature3.jpg in Resources */ = {isa = PBXBuildFile; fileRef = 04707B241DAFB9B000CDAC18 /* newfeature3.jpg */; };
		04707B291DAFB9B000CDAC18 /* newfeature4.jpg in Resources */ = {isa = PBXBuildFile; fileRef = 04707B251DAFB9B000CDAC18 /* newfeature4.jpg */; };
		04707B331DAFCF8600CDAC18 /* ZYGuideViewController.m in Sources */ = {isa = PBXBuildFile; fileRef = 04707B321DAFCF8600CDAC18 /* ZYGuideViewController.m */; };
/* End PBXBuildFile section */

/* Begin PBXFileReference section */
		04707B071DAFA01000CDAC18 /* ZYGuideImg.app */ = {isa = PBXFileReference; explicitFileType = wrapper.application; includeInIndex = 0; path = ZYGuideImg.app; sourceTree = BUILT_PRODUCTS_DIR; };
		04707B0B1DAFA01000CDAC18 /* main.m */ = {isa = PBXFileReference; lastKnownFileType = sourcecode.c.objc; path = main.m; sourceTree = "<group>"; };
		04707B0D1DAFA01000CDAC18 /* AppDelegate.h */ = {isa = PBXFileReference; lastKnownFileType = sourcecode.c.h; path = AppDelegate.h; sourceTree = "<group>"; };
		04707B0E1DAFA01000CDAC18 /* AppDelegate.m */ = {isa = PBXFileReference; lastKnownFileType = sourcecode.c.objc; path = AppDelegate.m; sourceTree = "<group>"; };
		04707B101DAFA01000CDAC18 /* ViewController.h */ = {isa = PBXFileReference; lastKnownFileType = sourcecode.c.h; path = ViewController.h; sourceTree = "<group>"; };
		04707B111DAFA01000CDAC18 /* ViewController.m */ = {isa = PBXFileReference; lastKnownFileType = sourcecode.c.objc; path = ViewController.m; sourceTree = "<group>"; };
		04707B141DAFA01000CDAC18 /* Base */ = {isa = PBXFileReference; lastKnownFileType = file.storyboard; name = Base; path = Base.lproj/Main.storyboard; sourceTree = "<group>"; };
		04707B161DAFA01000CDAC18 /* Assets.xcassets */ = {isa = PBXFileReference; lastKnownFileType = folder.assetcatalog; path = Assets.xcassets; sourceTree = "<group>"; };
		04707B191DAFA01000CDAC18 /* Base */ = {isa = PBXFileReference; lastKnownFileType = file.storyboard; name = Base; path = Base.lproj/LaunchScreen.storyboard; sourceTree = "<group>"; };
		04707B1B1DAFA01000CDAC18 /* Info.plist */ = {isa = PBXFileReference; lastKnownFileType = text.plist.xml; path = Info.plist; sourceTree = "<group>"; };
		04707B221DAFB9B000CDAC18 /* newfeature1.jpg */ = {isa = PBXFileReference; lastKnownFileType = image.jpeg; path = newfeature1.jpg; sourceTree = "<group>"; };
		04707B231DAFB9B000CDAC18 /* newfeature2.jpg */ = {isa = PBXFileReference; lastKnownFileType = image.jpeg; path = newfeature2.jpg; sourceTree = "<group>"; };
		04707B241DAFB9B000CDAC18 /* newfeature3.jpg */ = {isa = PBXFileReference; lastKnownFileType = image.jpeg; path = newfeature3.jpg; sourceTree = "<group>"; };
		04707B251DAFB9B000CDAC18 /* newfeature4.jpg */ = {isa = PBXFileReference; lastKnownFileType = image.jpeg; path = newfeature4.jpg; sourceTree = "<group>"; };
		04707B311DAFCF8600CDAC18 /* ZYGuideViewController.h */ = {isa = PBXFileReference; fileEncoding = 4; lastKnownFileType = sourcecode.c.h; path = ZYGuideViewController.h; sourceTree = "<group>"; };
		04707B321DAFCF8600CDAC18 /* ZYGuideViewController.m */ = {isa = PBXFileReference; fileEncoding = 4; lastKnownFileType = sourcecode.c.objc; path = ZYGuideViewController.m; sourceTree = "<group>"; };
/* End PBXFileReference section */

/* Begin PBXFrameworksBuildPhase section */
		04707B041DAFA01000CDAC18 /* Frameworks */ = {
			isa = PBXFrameworksBuildPhase;
			buildActionMask = 2147483647;
			files = (
			);
			runOnlyForDeploymentPostprocessing = 0;
		};
/* End PBXFrameworksBuildPhase section */

/* Begin PBXGroup section */
		04707AFE1DAFA01000CDAC18 = {
			isa = PBXGroup;
			children = (
				04707B091DAFA01000CDAC18 /* ZYGuideImg */,
				04707B081DAFA01000CDAC18 /* Products */,
			);
			sourceTree = "<group>";
		};
		04707B081DAFA01000CDAC18 /* Products */ = {
			isa = PBXGroup;
			children = (
				04707B071DAFA01000CDAC18 /* ZYGuideImg.app */,
			);
			name = Products;
			sourceTree = "<group>";
		};
		04707B091DAFA01000CDAC18 /* ZYGuideImg */ = {
			isa = PBXGroup;
			children = (
				04707B311DAFCF8600CDAC18 /* ZYGuideViewController.h */,
				04707B321DAFCF8600CDAC18 /* ZYGuideViewController.m */,
				04707B0D1DAFA01000CDAC18 /* AppDelegate.h */,
				04707B0E1DAFA01000CDAC18 /* AppDelegate.m */,
				04707B101DAFA01000CDAC18 /* ViewController.h */,
				04707B111DAFA01000CDAC18 /* ViewController.m */,
				04707B131DAFA01000CDAC18 /* Main.storyboard */,
				04707B161DAFA01000CDAC18 /* Assets.xcassets */,
				04707B181DAFA01000CDAC18 /* LaunchScreen.storyboard */,
				04707B1B1DAFA01000CDAC18 /* Info.plist */,
				04707B0A1DAFA01000CDAC18 /* Supporting Files */,
			);
			path = ZYGuideImg;
			sourceTree = "<group>";
		};
		04707B0A1DAFA01000CDAC18 /* Supporting Files */ = {
			isa = PBXGroup;
			children = (
				04707B211DAFB9B000CDAC18 /* newFeatures */,
				04707B0B1DAFA01000CDAC18 /* main.m */,
			);
			name = "Supporting Files";
			sourceTree = "<group>";
		};
		04707B211DAFB9B000CDAC18 /* newFeatures */ = {
			isa = PBXGroup;
			children = (
				04707B221DAFB9B000CDAC18 /* newfeature1.jpg */,
				04707B231DAFB9B000CDAC18 /* newfeature2.jpg */,
				04707B241DAFB9B000CDAC18 /* newfeature3.jpg */,
				04707B251DAFB9B000CDAC18 /* newfeature4.jpg */,
			);
			path = newFeatures;
			sourceTree = "<group>";
		};
/* End PBXGroup section */

/* Begin PBXNativeTarget section */
		04707B061DAFA01000CDAC18 /* ZYGuideImg */ = {
			isa = PBXNativeTarget;
			buildConfigurationList = 04707B1E1DAFA01000CDAC18 /* Build configuration list for PBXNativeTarget "ZYGuideImg" */;
			buildPhases = (
				04707B031DAFA01000CDAC18 /* Sources */,
				04707B041DAFA01000CDAC18 /* Frameworks */,
				04707B051DAFA01000CDAC18 /* Resources */,
			);
			buildRules = (
			);
			dependencies = (
			);
			name = ZYGuideImg;
			productName = ZYGuideImg;
			productReference = 04707B071DAFA01000CDAC18 /* ZYGuideImg.app */;
			productType = "com.apple.product-type.application";
		};
/* End PBXNativeTarget section */

/* Begin PBXProject section */
		04707AFF1DAFA01000CDAC18 /* Project object */ = {
			isa = PBXProject;
			attributes = {
				CLASSPREFIX = ZY;
				LastUpgradeCheck = 0800;
				ORGANIZATIONNAME = mac;
				TargetAttributes = {
					04707B061DAFA01000CDAC18 = {
						CreatedOnToolsVersion = 8.0;
						ProvisioningStyle = Automatic;
					};
				};
			};
			buildConfigurationList = 04707B021DAFA01000CDAC18 /* Build configuration list for PBXProject "ZYGuideImg" */;
			compatibilityVersion = "Xcode 3.2";
			developmentRegion = English;
			hasScannedForEncodings = 0;
			knownRegions = (
				en,
				Base,
			);
			mainGroup = 04707AFE1DAFA01000CDAC18;
			productRefGroup = 04707B081DAFA01000CDAC18 /* Products */;
			projectDirPath = "";
			projectRoot = "";
			targets = (
				04707B061DAFA01000CDAC18 /* ZYGuideImg */,
			);
		};
/* End PBXProject section */

/* Begin PBXResourcesBuildPhase section */
		04707B051DAFA01000CDAC18 /* Resources */ = {
			isa = PBXResourcesBuildPhase;
			buildActionMask = 2147483647;
			files = (
				04707B1A1DAFA01000CDAC18 /* LaunchScreen.storyboard in Resources */,
				04707B261DAFB9B000CDAC18 /* newfeature1.jpg in Resources */,
				04707B291DAFB9B000CDAC18 /* newfeature4.jpg in Resources */,
				04707B171DAFA01000CDAC18 /* Assets.xcassets in Resources */,
				04707B271DAFB9B000CDAC18 /* newfeature2.jpg in Resources */,
				04707B151DAFA01000CDAC18 /* Main.storyboard in Resources */,
				04707B281DAFB9B000CDAC18 /* newfeature3.jpg in Resources */,
			);
			runOnlyForDeploymentPostprocessing = 0;
		};
/* End PBXResourcesBuildPhase section */

/* Begin PBXSourcesBuildPhase section */
		04707B031DAFA01000CDAC18 /* Sources */ = {
			isa = PBXSourcesBuildPhase;
			buildActionMask = 2147483647;
			files = (
				04707B121DAFA01000CDAC18 /* ViewController.m in Sources */,
				04707B0F1DAFA01000CDAC18 /* AppDelegate.m in Sources */,
				04707B331DAFCF8600CDAC18 /* ZYGuideViewController.m in Sources */,
				04707B0C1DAFA01000CDAC18 /* main.m in Sources */,
			);
			runOnlyForDeploymentPostprocessing = 0;
		};
/* End PBXSourcesBuildPhase section */

/* Begin PBXVariantGroup section */
		04707B131DAFA01000CDAC18 /* Main.storyboard */ = {
			isa = PBXVariantGroup;
			children = (
				04707B141DAFA01000CDAC18 /* Base */,
			);
			name = Main.storyboard;
			sourceTree = "<group>";
		};
		04707B181DAFA01000CDAC18 /* LaunchScreen.storyboard */ = {
			isa = PBXVariantGroup;
			children = (
				04707B191DAFA01000CDAC18 /* Base */,
			);
			name = LaunchScreen.storyboard;
			sourceTree = "<group>";
		};
/* End PBXVariantGroup section */

/* Begin XCBuildConfiguration section */
		04707B1C1DAFA01000CDAC18 /* Debug */ = {
			isa = XCBuildConfiguration;
			buildSettings = {
				ALWAYS_SEARCH_USER_PATHS = NO;
				CLANG_ANALYZER_NONNULL = YES;
				CLANG_CXX_LANGUAGE_STANDARD = "gnu++0x";
				CLANG_CXX_LIBRARY = "libc++";
				CLANG_ENABLE_MODULES = YES;
				CLANG_ENABLE_OBJC_ARC = YES;
				CLANG_WARN_BOOL_CONVERSION = YES;
				CLANG_WARN_CONSTANT_CONVERSION = YES;
				CLANG_WARN_DIRECT_OBJC_ISA_USAGE = YES_ERROR;
				CLANG_WARN_DOCUMENTATION_COMMENTS = YES;
				CLANG_WARN_EMPTY_BODY = YES;
				CLANG_WARN_ENUM_CONVERSION = YES;
				CLANG_WARN_INFINITE_RECURSION = YES;
				CLANG_WARN_INT_CONVERSION = YES;
				CLANG_WARN_OBJC_ROOT_CLASS = YES_ERROR;
				CLANG_WARN_SUSPICIOUS_MOVES = YES;
				CLANG_WARN_UNREACHABLE_CODE = YES;
				CLANG_WARN__DUPLICATE_METHOD_MATCH = YES;
				"CODE_SIGN_IDENTITY[sdk=iphoneos*]" = "iPhone Developer";
				COPY_PHASE_STRIP = NO;
				DEBUG_INFORMATION_FORMAT = dwarf;
				ENABLE_STRICT_OBJC_MSGSEND = YES;
				ENABLE_TESTABILITY = YES;
				GCC_C_LANGUAGE_STANDARD = gnu99;
				GCC_DYNAMIC_NO_PIC = NO;
				GCC_NO_COMMON_BLOCKS = YES;
				GCC_OPTIMIZATION_LEVEL = 0;
				GCC_PREPROCESSOR_DEFINITIONS = (
					"DEBUG=1",
					"$(inherited)",
				);
				GCC_WARN_64_TO_32_BIT_CONVERSION = YES;
				GCC_WARN_ABOUT_RETURN_TYPE = YES_ERROR;
				GCC_WARN_UNDECLARED_SELECTOR = YES;
				GCC_WARN_UNINITIALIZED_AUTOS = YES_AGGRESSIVE;
				GCC_WARN_UNUSED_FUNCTION = YES;
				GCC_WARN_UNUSED_VARIABLE = YES;
				IPHONEOS_DEPLOYMENT_TARGET = 10.0;
				MTL_ENABLE_DEBUG_INFO = YES;
				ONLY_ACTIVE_ARCH = YES;
				SDKROOT = iphoneos;
			};
			name = Debug;
		};
		04707B1D1DAFA01000CDAC18 /* Release */ = {
			isa = XCBuildConfiguration;
			buildSettings = {
				ALWAYS_SEARCH_USER_PATHS = NO;
				CLANG_ANALYZER_NONNULL = YES;
				CLANG_CXX_LANGUAGE_STANDARD = "gnu++0x";
				CLANG_CXX_LIBRARY = "libc++";
				CLANG_ENABLE_MODULES = YES;
				CLANG_ENABLE_OBJC_ARC = YES;
				CLANG_WARN_BOOL_CONVERSION = YES;
				CLANG_WARN_CONSTANT_CONVERSION = YES;
				CLANG_WARN_DIRECT_OBJC_ISA_USAGE = YES_ERROR;
				CLANG_WARN_DOCUMENTATION_COMMENTS = YES;
				CLANG_WARN_EMPTY_BODY = YES;
				CLANG_WARN_ENUM_CONVERSION = YES;
				CLANG_WARN_INFINITE_RECURSION = YES;
				CLANG_WARN_INT_CONVERSION = YES;
				CLANG_WARN_OBJC_ROOT_CLASS = YES_ERROR;
				CLANG_WARN_SUSPICIOUS_MOVES = YES;
				CLANG_WARN_UNREACHABLE_CODE = YES;
				CLANG_WARN__DUPLICATE_METHOD_MATCH = YES;
				"CODE_SIGN_IDENTITY[sdk=iphoneos*]" = "iPhone Developer";
				COPY_PHASE_STRIP = NO;
				DEBUG_INFORMATION_FORMAT = "dwarf-with-dsym";
				ENABLE_NS_ASSERTIONS = NO;
				ENABLE_STRICT_OBJC_MSGSEND = YES;
				GCC_C_LANGUAGE_STANDARD = gnu99;
				GCC_NO_COMMON_BLOCKS = YES;
				GCC_WARN_64_TO_32_BIT_CONVERSION = YES;
				GCC_WARN_ABOUT_RETURN_TYPE = YES_ERROR;
				GCC_WARN_UNDECLARED_SELECTOR = YES;
				GCC_WARN_UNINITIALIZED_AUTOS = YES_AGGRESSIVE;
				GCC_WARN_UNUSED_FUNCTION = YES;
				GCC_WARN_UNUSED_VARIABLE = YES;
				IPHONEOS_DEPLOYMENT_TARGET = 10.0;
				MTL_ENABLE_DEBUG_INFO = NO;
				SDKROOT = iphoneos;
				VALIDATE_PRODUCT = YES;
			};
			name = Release;
		};
		04707B1F1DAFA01000CDAC18 /* Debug */ = {
			isa = XCBuildConfiguration;
			buildSettings = {
				ASSETCATALOG_COMPILER_APPICON_NAME = AppIcon;
				INFOPLIST_FILE = ZYGuideImg/Info.plist;
				LD_RUNPATH_SEARCH_PATHS = "$(inherited) @executable_path/Frameworks";
				PRODUCT_BUNDLE_IDENTIFIER = zhengyang.ZYGuideImg;
				PRODUCT_NAME = "$(TARGET_NAME)";
			};
			name = Debug;
		};
		04707B201DAFA01000CDAC18 /* Release */ = {
			isa = XCBuildConfiguration;
			buildSettings = {
				ASSETCATALOG_COMPILER_APPICON_NAME = AppIcon;
				INFOPLIST_FILE = ZYGuideImg/Info.plist;
				LD_RUNPATH_SEARCH_PATHS = "$(inherited) @executable_path/Frameworks";
				PRODUCT_BUNDLE_IDENTIFIER = zhengyang.ZYGuideImg;
				PRODUCT_NAME = "$(TARGET_NAME)";
			};
			name = Release;
		};
/* End XCBuildConfiguration section */

/* Begin XCConfigurationList section */
		04707B021DAFA01000CDAC18 /* Build configuration list for PBXProject "ZYGuideImg" */ = {
			isa = XCConfigurationList;
			buildConfigurations = (
				04707B1C1DAFA01000CDAC18 /* Debug */,
				04707B1D1DAFA01000CDAC18 /* Release */,
			);
			defaultConfigurationIsVisible = 0;
			defaultConfigurationName = Release;
		};
		04707B1E1DAFA01000CDAC18 /* Build configuration list for PBXNativeTarget "ZYGuideImg" */ = {
			isa = XCConfigurationList;
			buildConfigurations = (
				04707B1F1DAFA01000CDAC18 /* Debug */,
				04707B201DAFA01000CDAC18 /* Release */,
			);
			defaultConfigurationIsVisible = 0;
			defaultConfigurationName = Release;
		};
/* End XCConfigurationList section */
	};
	rootObject = 04707AFF1DAFA01000CDAC18 /* Project object */;
}
